
Microsoft Visual Studio Solution File, Format Version 12.00
# Visual Studio Version 16
VisualStudioVersion = 16.0.29306.81
MinimumVisualStudioVersion = 10.0.40219.1
Project("{9A19103F-16F7-4668-BE54-9A1E7A4F7556}") = "Producer", "Producer\Producer.csproj", "{2012AE06-9A82-4599-89FF-BE31384AFD6D}"
EndProject
Project("{9A19103F-16F7-4668-BE54-9A1E7A4F7556}") = "Shared", "Shared\Shared.csproj", "{601BFCE2-FDA7-401A-B008-3B747E6FA951}"
EndProject
Project("{2150E333-8FDC-42A3-9474-1A3956D46DE8}") = "Solution Items", "Solution Items", "{669AEA56-1A54-480B-9ADA-BCE6BB5E0100}"
	ProjectSection(SolutionItems) = preProject
		README.txt = README.txt
	EndProjectSection
EndProject
Project("{9A19103F-16F7-4668-BE54-9A1E7A4F7556}") = "Pub", "Pub\Pub.csproj", "{6300C0CF-150D-4E67-ADB6-3146BCA4D74E}"
EndProject
Project("{9A19103F-16F7-4668-BE54-9A1E7A4F7556}") = "Sub1", "Sub1\Sub1.csproj", "{64621A95-CB4A-4CE8-A985-EE4210D8E2DE}"
EndProject
Project("{9A19103F-16F7-4668-BE54-9A1E7A4F7556}") = "Sub2", "Sub2\Sub2.csproj", "{DFDD180A-BD89-49C3-BB40-1C057E23D1DD}"
EndProject
Project("{9A19103F-16F7-4668-BE54-9A1E7A4F7556}") = "PubRoutingKey", "PubRoutingKey\PubRoutingKey.csproj", "{70AE84E8-ACE5-4B66-9262-9D2353322899}"
EndProject
Project("{9A19103F-16F7-4668-BE54-9A1E7A4F7556}") = "SubRoutingKey1", "SubRoutingKey1\SubRoutingKey1.csproj", "{8D32E7E3-C38D-49C0-B1FE-7CDE68017A34}"
EndProject
Project("{9A19103F-16F7-4668-BE54-9A1E7A4F7556}") = "SubRoutingKey2", "SubRoutingKey2\SubRoutingKey2.csproj", "{1ADA85AF-A9CB-43B2-9669-9B5241D188C8}"
EndProject
Project("{9A19103F-16F7-4668-BE54-9A1E7A4F7556}") = "Consumer1", "Consumer1\Consumer1.csproj", "{F9695735-407D-405B-A570-82F655DEC3C1}"
EndProject
Project("{9A19103F-16F7-4668-BE54-9A1E7A4F7556}") = "Consumer2", "Consumer2\Consumer2.csproj", "{345D67BD-683D-4FA7-A6D7-21A9872EAA6E}"
EndProject
Project("{9A19103F-16F7-4668-BE54-9A1E7A4F7556}") = "TopicProducer", "TopicProducer\TopicProducer.csproj", "{C8474FD0-0B92-41E4-8BCA-4DEE230DEF22}"
EndProject
Project("{FAE04EC0-301F-11D3-BF4B-00C04F79EFBC}") = "TopicReceiver1", "TopicReceiver1\TopicReceiver1.csproj", "{C24AE44B-C1CE-46B5-910E-4FCD4912188B}"
EndProject
Project("{FAE04EC0-301F-11D3-BF4B-00C04F79EFBC}") = "TopicReceiver2", "TopicReceiver2\TopicReceiver2.csproj", "{3D611DEE-040F-4A19-AD83-310A6CD2A63D}"
EndProject
Project("{FAE04EC0-301F-11D3-BF4B-00C04F79EFBC}") = "TopicReceiver3", "TopicReceiver3\TopicReceiver3.csproj", "{28BB75C5-18A2-45F1-8050-DBE97F8BF8DB}"
EndProject
Project("{FAE04EC0-301F-11D3-BF4B-00C04F79EFBC}") = "RPCProducer", "RPCProducer\RPCProducer.csproj", "{E7160976-667E-4F59-A228-952D8588B901}"
EndProject
Project("{FAE04EC0-301F-11D3-BF4B-00C04F79EFBC}") = "RPCServer", "RPCServer\RPCServer.csproj", "{61FB7D79-9B10-4EA6-975B-5B0355BC7B4F}"
EndProject
Global
	GlobalSection(SolutionConfigurationPlatforms) = preSolution
		Debug|Any CPU = Debug|Any CPU
		Release|Any CPU = Release|Any CPU
	EndGlobalSection
	GlobalSection(ProjectConfigurationPlatforms) = postSolution
		{2012AE06-9A82-4599-89FF-BE31384AFD6D}.Debug|Any CPU.ActiveCfg = Debug|Any CPU
		{2012AE06-9A82-4599-89FF-BE31384AFD6D}.Debug|Any CPU.Build.0 = Debug|Any CPU
		{2012AE06-9A82-4599-89FF-BE31384AFD6D}.Release|Any CPU.ActiveCfg = Release|Any CPU
		{2012AE06-9A82-4599-89FF-BE31384AFD6D}.Release|Any CPU.Build.0 = Release|Any CPU
		{601BFCE2-FDA7-401A-B008-3B747E6FA951}.Debug|Any CPU.ActiveCfg = Debug|Any CPU
		{601BFCE2-FDA7-401A-B008-3B747E6FA951}.Debug|Any CPU.Build.0 = Debug|Any CPU
		{601BFCE2-FDA7-401A-B008-3B747E6FA951}.Release|Any CPU.ActiveCfg = Release|Any CPU
		{601BFCE2-FDA7-401A-B008-3B747E6FA951}.Release|Any CPU.Build.0 = Release|Any CPU
		{6300C0CF-150D-4E67-ADB6-3146BCA4D74E}.Debug|Any CPU.ActiveCfg = Debug|Any CPU
		{6300C0CF-150D-4E67-ADB6-3146BCA4D74E}.Debug|Any CPU.Build.0 = Debug|Any CPU
		{6300C0CF-150D-4E67-ADB6-3146BCA4D74E}.Release|Any CPU.ActiveCfg = Release|Any CPU
		{6300C0CF-150D-4E67-ADB6-3146BCA4D74E}.Release|Any CPU.Build.0 = Release|Any CPU
		{64621A95-CB4A-4CE8-A985-EE4210D8E2DE}.Debug|Any CPU.ActiveCfg = Debug|Any CPU
		{64621A95-CB4A-4CE8-A985-EE4210D8E2DE}.Debug|Any CPU.Build.0 = Debug|Any CPU
		{64621A95-CB4A-4CE8-A985-EE4210D8E2DE}.Release|Any CPU.ActiveCfg = Release|Any CPU
		{64621A95-CB4A-4CE8-A985-EE4210D8E2DE}.Release|Any CPU.Build.0 = Release|Any CPU
		{DFDD180A-BD89-49C3-BB40-1C057E23D1DD}.Debug|Any CPU.ActiveCfg = Debug|Any CPU
		{DFDD180A-BD89-49C3-BB40-1C057E23D1DD}.Debug|Any CPU.Build.0 = Debug|Any CPU
		{DFDD180A-BD89-49C3-BB40-1C057E23D1DD}.Release|Any CPU.ActiveCfg = Release|Any CPU
		{DFDD180A-BD89-49C3-BB40-1C057E23D1DD}.Release|Any CPU.Build.0 = Release|Any CPU
		{70AE84E8-ACE5-4B66-9262-9D2353322899}.Debug|Any CPU.ActiveCfg = Debug|Any CPU
		{70AE84E8-ACE5-4B66-9262-9D2353322899}.Debug|Any CPU.Build.0 = Debug|Any CPU
		{70AE84E8-ACE5-4B66-9262-9D2353322899}.Release|Any CPU.ActiveCfg = Release|Any CPU
		{70AE84E8-ACE5-4B66-9262-9D2353322899}.Release|Any CPU.Build.0 = Release|Any CPU
		{8D32E7E3-C38D-49C0-B1FE-7CDE68017A34}.Debug|Any CPU.ActiveCfg = Debug|Any CPU
		{8D32E7E3-C38D-49C0-B1FE-7CDE68017A34}.Debug|Any CPU.Build.0 = Debug|Any CPU
		{8D32E7E3-C38D-49C0-B1FE-7CDE68017A34}.Release|Any CPU.ActiveCfg = Release|Any CPU
		{8D32E7E3-C38D-49C0-B1FE-7CDE68017A34}.Release|Any CPU.Build.0 = Release|Any CPU
		{1ADA85AF-A9CB-43B2-9669-9B5241D188C8}.Debug|Any CPU.ActiveCfg = Debug|Any CPU
		{1ADA85AF-A9CB-43B2-9669-9B5241D188C8}.Debug|Any CPU.Build.0 = Debug|Any CPU
		{1ADA85AF-A9CB-43B2-9669-9B5241D188C8}.Release|Any CPU.ActiveCfg = Release|Any CPU
		{1ADA85AF-A9CB-43B2-9669-9B5241D188C8}.Release|Any CPU.Build.0 = Release|Any CPU
		{F9695735-407D-405B-A570-82F655DEC3C1}.Debug|Any CPU.ActiveCfg = Debug|Any CPU
		{F9695735-407D-405B-A570-82F655DEC3C1}.Debug|Any CPU.Build.0 = Debug|Any CPU
		{F9695735-407D-405B-A570-82F655DEC3C1}.Release|Any CPU.ActiveCfg = Release|Any CPU
		{F9695735-407D-405B-A570-82F655DEC3C1}.Release|Any CPU.Build.0 = Release|Any CPU
		{345D67BD-683D-4FA7-A6D7-21A9872EAA6E}.Debug|Any CPU.ActiveCfg = Debug|Any CPU
		{345D67BD-683D-4FA7-A6D7-21A9872EAA6E}.Debug|Any CPU.Build.0 = Debug|Any CPU
		{345D67BD-683D-4FA7-A6D7-21A9872EAA6E}.Release|Any CPU.ActiveCfg = Release|Any CPU
		{345D67BD-683D-4FA7-A6D7-21A9872EAA6E}.Release|Any CPU.Build.0 = Release|Any CPU
		{C8474FD0-0B92-41E4-8BCA-4DEE230DEF22}.Debug|Any CPU.ActiveCfg = Debug|Any CPU
		{C8474FD0-0B92-41E4-8BCA-4DEE230DEF22}.Debug|Any CPU.Build.0 = Debug|Any CPU
		{C8474FD0-0B92-41E4-8BCA-4DEE230DEF22}.Release|Any CPU.ActiveCfg = Release|Any CPU
		{C8474FD0-0B92-41E4-8BCA-4DEE230DEF22}.Release|Any CPU.Build.0 = Release|Any CPU
		{C24AE44B-C1CE-46B5-910E-4FCD4912188B}.Debug|Any CPU.ActiveCfg = Debug|Any CPU
		{C24AE44B-C1CE-46B5-910E-4FCD4912188B}.Debug|Any CPU.Build.0 = Debug|Any CPU
		{C24AE44B-C1CE-46B5-910E-4FCD4912188B}.Release|Any CPU.ActiveCfg = Release|Any CPU
		{C24AE44B-C1CE-46B5-910E-4FCD4912188B}.Release|Any CPU.Build.0 = Release|Any CPU
		{3D611DEE-040F-4A19-AD83-310A6CD2A63D}.Debug|Any CPU.ActiveCfg = Debug|Any CPU
		{3D611DEE-040F-4A19-AD83-310A6CD2A63D}.Debug|Any CPU.Build.0 = Debug|Any CPU
		{3D611DEE-040F-4A19-AD83-310A6CD2A63D}.Release|Any CPU.ActiveCfg = Release|Any CPU
		{3D611DEE-040F-4A19-AD83-310A6CD2A63D}.Release|Any CPU.Build.0 = Release|Any CPU
		{28BB75C5-18A2-45F1-8050-DBE97F8BF8DB}.Debug|Any CPU.ActiveCfg = Debug|Any CPU
		{28BB75C5-18A2-45F1-8050-DBE97F8BF8DB}.Debug|Any CPU.Build.0 = Debug|Any CPU
		{28BB75C5-18A2-45F1-8050-DBE97F8BF8DB}.Release|Any CPU.ActiveCfg = Release|Any CPU
		{28BB75C5-18A2-45F1-8050-DBE97F8BF8DB}.Release|Any CPU.Build.0 = Release|Any CPU
		{E7160976-667E-4F59-A228-952D8588B901}.Debug|Any CPU.ActiveCfg = Debug|Any CPU
		{E7160976-667E-4F59-A228-952D8588B901}.Debug|Any CPU.Build.0 = Debug|Any CPU
		{E7160976-667E-4F59-A228-952D8588B901}.Release|Any CPU.ActiveCfg = Release|Any CPU
		{E7160976-667E-4F59-A228-952D8588B901}.Release|Any CPU.Build.0 = Release|Any CPU
		{61FB7D79-9B10-4EA6-975B-5B0355BC7B4F}.Debug|Any CPU.ActiveCfg = Debug|Any CPU
		{61FB7D79-9B10-4EA6-975B-5B0355BC7B4F}.Debug|Any CPU.Build.0 = Debug|Any CPU
		{61FB7D79-9B10-4EA6-975B-5B0355BC7B4F}.Release|Any CPU.ActiveCfg = Release|Any CPU
		{61FB7D79-9B10-4EA6-975B-5B0355BC7B4F}.Release|Any CPU.Build.0 = Release|Any CPU
	EndGlobalSection
	GlobalSection(SolutionProperties) = preSolution
		HideSolutionNode = FALSE
	EndGlobalSection
	GlobalSection(ExtensibilityGlobals) = postSolution
		SolutionGuid = {813FE663-B3E3-4CED-A9BB-2EE59EDCF929}
	EndGlobalSection
EndGlobal
